
Microsoft Visual Studio Solution File, Format Version 12.00
# Visual Studio Version 17
VisualStudioVersion = 17.0.31903.59
MinimumVisualStudioVersion = 10.0.40219.1
Project("{FAE04EC0-301F-11D3-BF4B-00C04F79EFBC}") = "MRCModel", "MRCModel\MRCModel.csproj", "{DA1105C2-BFC4-4ACF-8DE0-0BC45369A716}"
EndProject
Project("{FAE04EC0-301F-11D3-BF4B-00C04F79EFBC}") = "MRCService", "MRCService\MRCService.csproj", "{C4FEFE05-A228-438C-A829-FD0F99B675E2}"
EndProject
Project("{FAE04EC0-301F-11D3-BF4B-00C04F79EFBC}") = "AppWindow", "AppWindow\AppWindow.csproj", "{9274D1C9-6AD6-4CF6-BD85-D1904FA02CD1}"
EndProject
Project("{FAE04EC0-301F-11D3-BF4B-00C04F79EFBC}") = "Data", "Data\Data.csproj", "{861735D8-379F-4CCE-B39D-8801E6A9E725}"
EndProject
Global
	GlobalSection(SolutionConfigurationPlatforms) = preSolution
		Debug|Any CPU = Debug|Any CPU
		Release|Any CPU = Release|Any CPU
	EndGlobalSection
	GlobalSection(ProjectConfigurationPlatforms) = postSolution
		{DA1105C2-BFC4-4ACF-8DE0-0BC45369A716}.Debug|Any CPU.ActiveCfg = Debug|Any CPU
		{DA1105C2-BFC4-4ACF-8DE0-0BC45369A716}.Debug|Any CPU.Build.0 = Debug|Any CPU
		{DA1105C2-BFC4-4ACF-8DE0-0BC45369A716}.Release|Any CPU.ActiveCfg = Release|Any CPU
		{DA1105C2-BFC4-4ACF-8DE0-0BC45369A716}.Release|Any CPU.Build.0 = Release|Any CPU
		{C4FEFE05-A228-438C-A829-FD0F99B675E2}.Debug|Any CPU.ActiveCfg = Debug|Any CPU
		{C4FEFE05-A228-438C-A829-FD0F99B675E2}.Debug|Any CPU.Build.0 = Debug|Any CPU
		{C4FEFE05-A228-438C-A829-FD0F99B675E2}.Release|Any CPU.ActiveCfg = Release|Any CPU
		{C4FEFE05-A228-438C-A829-FD0F99B675E2}.Release|Any CPU.Build.0 = Release|Any CPU
		{9274D1C9-6AD6-4CF6-BD85-D1904FA02CD1}.Debug|Any CPU.ActiveCfg = Debug|Any CPU
		{9274D1C9-6AD6-4CF6-BD85-D1904FA02CD1}.Debug|Any CPU.Build.0 = Debug|Any CPU
		{9274D1C9-6AD6-4CF6-BD85-D1904FA02CD1}.Release|Any CPU.ActiveCfg = Release|Any CPU
		{9274D1C9-6AD6-4CF6-BD85-D1904FA02CD1}.Release|Any CPU.Build.0 = Release|Any CPU
		{861735D8-379F-4CCE-B39D-8801E6A9E725}.Debug|Any CPU.ActiveCfg = Debug|Any CPU
		{861735D8-379F-4CCE-B39D-8801E6A9E725}.Debug|Any CPU.Build.0 = Debug|Any CPU
		{861735D8-379F-4CCE-B39D-8801E6A9E725}.Release|Any CPU.ActiveCfg = Release|Any CPU
		{861735D8-379F-4CCE-B39D-8801E6A9E725}.Release|Any CPU.Build.0 = Release|Any CPU
	EndGlobalSection
	GlobalSection(SolutionProperties) = preSolution
		HideSolutionNode = FALSE
	EndGlobalSection
EndGlobal
